<?xml version="1.0" encoding="UTF-8" standalone="yes" ?>
<CodeBlocks_project_file>
	<FileVersion major="1" minor="6" />
	<Project>
		<Option title="TDD_Challenge" />
		<Option pch_mode="2" />
		<Option compiler="gcc" />
		<Build>
			<Target title="Debug">
				<Option output="bin/Debug/TDD_Challenge" prefix_auto="1" extension_auto="1" />
				<Option object_output="obj/Debug/" />
				<Option type="1" />
				<Option compiler="gcc" />
				<Compiler>
					<Add option="-g" />
				</Compiler>
			</Target>
			<Target title="Release">
				<Option output="bin/Release/TDD_Challenge" prefix_auto="1" extension_auto="1" />
				<Option object_output="obj/Release/" />
				<Option type="1" />
				<Option compiler="gcc" />
				<Compiler>
					<Add option="-O2" />
				</Compiler>
				<Linker>
					<Add option="-s" />
				</Linker>
			</Target>
		</Build>
		<Compiler>
			<Add option="-Wall" />
		</Compiler>
		<Unit filename="State_Machine.png" />
		<Unit filename="readme.md" />
		<Unit filename="source/main.c">
			<Option compilerVar="CC" />
		</Unit>
		<Unit filename="source/speed_control/speed_control.c">
			<Option compilerVar="CC" />
		</Unit>
		<Unit filename="source/speed_control/speed_control.h" />
		<Unit filename="source/swtich_driver/switches.h" />
		<Unit filename="source/swtich_driver/swtiches.c">
			<Option compilerVar="CC" />
		</Unit>
		<Unit filename="test/fakse_switch/fake_switches.c">
			<Option compilerVar="CC" />
		</Unit>
		<Unit filename="test/fakse_switch/fake_switches.h" />
		<Unit filename="test/speed_control/speed_control_test.c">
			<Option compilerVar="CC" />
		</Unit>
		<Unit filename="test/unity/unity.c">
			<Option compilerVar="CC" />
		</Unit>
		<Unit filename="test/unity/unity.h" />
		<Unit filename="test/unity/unity_fixture.c">
			<Option compilerVar="CC" />
		</Unit>
		<Unit filename="test/unity/unity_fixture.h" />
		<Unit filename="test/unity/unity_fixture_internals.h" />
		<Unit filename="test/unity/unity_internals.h" />
		<Unit filename="test/unity/unity_memory.c">
			<Option compilerVar="CC" />
		</Unit>
		<Unit filename="test/unity/unity_memory.h" />
		<Extensions>
			<DoxyBlocks>
				<comment_style block="0" line="0" />
				<doxyfile_project />
				<doxyfile_build />
				<doxyfile_warnings />
				<doxyfile_output />
				<doxyfile_dot />
				<general />
			</DoxyBlocks>
			<lib_finder disable_auto="1" />
		</Extensions>
	</Project>
</CodeBlocks_project_file>
